{
  "name": "foto-sharing-app",
  "lockfileVersion": 3,
  "requires": true,
  "packages": {
    "": {
      "dependencies": {
        "daisyui": "^5.0.22"
      }
    },
    "node_modules/daisyui": {
      "version": "5.0.22",
      "resolved": "https://registry.npmjs.org/daisyui/-/daisyui-5.0.22.tgz",
      "integrity": "sha512-tcqbCp0nzCmIzR4GfLtPcaNEhDCKO+yw4W3REF3Aw1rNwk0/8fa2fvbnVDq5tUqglnKTesAlmlc2Ze45ZIomMg==",
      "license": "MIT",
      "funding": {
        "url": "https://github.com/saadeghi/daisyui?sponsor=1"
      }
    }
  }
}
